
Microsoft Visual Studio Solution File, Format Version 12.00
# Visual Studio Version 16
VisualStudioVersion = 16.0.30804.86
MinimumVisualStudioVersion = 10.0.40219.1
Project("{FAE04EC0-301F-11D3-BF4B-00C04F79EFBC}") = "ListandIntefaces", "ListandIntefaces\ListandIntefaces.csproj", "{1B06649F-975D-426D-ACDF-0037BF9FB7EF}"
EndProject
Project("{FAE04EC0-301F-11D3-BF4B-00C04F79EFBC}") = "IndexerDemo", "IndexerDemo\IndexerDemo.csproj", "{51BE43BF-D2A4-4CFB-996B-2BC4470D9D59}"
EndProject
Global
	GlobalSection(SolutionConfigurationPlatforms) = preSolution
		Debug|Any CPU = Debug|Any CPU
		Release|Any CPU = Release|Any CPU
	EndGlobalSection
	GlobalSection(ProjectConfigurationPlatforms) = postSolution
		{1B06649F-975D-426D-ACDF-0037BF9FB7EF}.Debug|Any CPU.ActiveCfg = Debug|Any CPU
		{1B06649F-975D-426D-ACDF-0037BF9FB7EF}.Debug|Any CPU.Build.0 = Debug|Any CPU
		{1B06649F-975D-426D-ACDF-0037BF9FB7EF}.Release|Any CPU.ActiveCfg = Release|Any CPU
		{1B06649F-975D-426D-ACDF-0037BF9FB7EF}.Release|Any CPU.Build.0 = Release|Any CPU
		{51BE43BF-D2A4-4CFB-996B-2BC4470D9D59}.Debug|Any CPU.ActiveCfg = Debug|Any CPU
		{51BE43BF-D2A4-4CFB-996B-2BC4470D9D59}.Debug|Any CPU.Build.0 = Debug|Any CPU
		{51BE43BF-D2A4-4CFB-996B-2BC4470D9D59}.Release|Any CPU.ActiveCfg = Release|Any CPU
		{51BE43BF-D2A4-4CFB-996B-2BC4470D9D59}.Release|Any CPU.Build.0 = Release|Any CPU
	EndGlobalSection
	GlobalSection(SolutionProperties) = preSolution
		HideSolutionNode = FALSE
	EndGlobalSection
	GlobalSection(ExtensibilityGlobals) = postSolution
		SolutionGuid = {10B7A2A5-6D49-4A26-8A29-C67166B72503}
	EndGlobalSection
EndGlobal
